
Microsoft Visual Studio Solution File, Format Version 12.00
# Visual Studio Version 16
VisualStudioVersion = 16.0.30320.27
MinimumVisualStudioVersion = 10.0.40219.1
Project("{9A19103F-16F7-4668-BE54-9A1E7A4F7556}") = "BT1", "BT1\BT1.csproj", "{D69F743F-0DFA-4AFE-BA4E-98E566500A77}"
EndProject
Project("{9A19103F-16F7-4668-BE54-9A1E7A4F7556}") = "BT2", "BT2\BT2.csproj", "{B72A6D76-E6F6-43B9-9147-F03F29212156}"
EndProject
Project("{9A19103F-16F7-4668-BE54-9A1E7A4F7556}") = "BT3", "BT3\BT3.csproj", "{ECA4B311-7074-4138-BED1-71CFAB01E0E8}"
EndProject
Project("{9A19103F-16F7-4668-BE54-9A1E7A4F7556}") = "BT4", "BT4\BT4.csproj", "{55B906E0-A27C-48B3-A589-DDFC7FAD240E}"
EndProject
Project("{9A19103F-16F7-4668-BE54-9A1E7A4F7556}") = "BT5", "BT5\BT5.csproj", "{C883FF46-0178-42BC-9536-5C72A3B08A63}"
EndProject
Project("{9A19103F-16F7-4668-BE54-9A1E7A4F7556}") = "BT6", "BT6\BT6.csproj", "{3877F4E2-0D16-4EE7-9D1A-CEE49CD72887}"
EndProject
Project("{9A19103F-16F7-4668-BE54-9A1E7A4F7556}") = "BT9", "BT9\BT9.csproj", "{D53DFAC3-6467-4F7D-8400-674FAF17BB43}"
EndProject
Project("{9A19103F-16F7-4668-BE54-9A1E7A4F7556}") = "BT11", "BT11\BT11.csproj", "{7A97B2DB-8583-418F-B64C-37BBDF2EC5DD}"
EndProject
Project("{9A19103F-16F7-4668-BE54-9A1E7A4F7556}") = "BT12", "BT12\BT12.csproj", "{E1A7088D-235F-444F-B291-73AF257E97AB}"
EndProject
Project("{9A19103F-16F7-4668-BE54-9A1E7A4F7556}") = "BT13", "BT13\BT13.csproj", "{01946102-58FF-41B7-9BD5-C23050C82C75}"
EndProject
Project("{9A19103F-16F7-4668-BE54-9A1E7A4F7556}") = "BT14", "BT14\BT14.csproj", "{35033CB2-AA0B-4208-99D9-85E9273A212B}"
EndProject
Project("{9A19103F-16F7-4668-BE54-9A1E7A4F7556}") = "BT20", "BT20\BT20.csproj", "{632BE9CF-EDD6-4471-9417-8FF92BF1F0E3}"
EndProject
Project("{FAE04EC0-301F-11D3-BF4B-00C04F79EFBC}") = "BT21", "BT21\BT21.csproj", "{F0AD0F4A-F862-4D1B-B750-D16E5596BE71}"
EndProject
Project("{FAE04EC0-301F-11D3-BF4B-00C04F79EFBC}") = "BT22", "BT22\BT22.csproj", "{AE45A502-1B88-429A-84E1-591AB9834ED4}"
EndProject
Project("{FAE04EC0-301F-11D3-BF4B-00C04F79EFBC}") = "BT44", "BT44\BT44.csproj", "{D083C8E0-34BB-4C2D-998A-7B3CDF0771AF}"
EndProject
Project("{FAE04EC0-301F-11D3-BF4B-00C04F79EFBC}") = "BT56", "BT56\BT56.csproj", "{A253DD8C-ED9C-4D2A-952A-1E209368BD03}"
EndProject
Project("{FAE04EC0-301F-11D3-BF4B-00C04F79EFBC}") = "BT104", "BT104\BT104.csproj", "{BD386789-E92E-4CC7-9CF9-11A0F0D9EE8B}"
EndProject
Global
	GlobalSection(SolutionConfigurationPlatforms) = preSolution
		Debug|Any CPU = Debug|Any CPU
		Release|Any CPU = Release|Any CPU
	EndGlobalSection
	GlobalSection(ProjectConfigurationPlatforms) = postSolution
		{D69F743F-0DFA-4AFE-BA4E-98E566500A77}.Debug|Any CPU.ActiveCfg = Debug|Any CPU
		{D69F743F-0DFA-4AFE-BA4E-98E566500A77}.Debug|Any CPU.Build.0 = Debug|Any CPU
		{D69F743F-0DFA-4AFE-BA4E-98E566500A77}.Release|Any CPU.ActiveCfg = Release|Any CPU
		{D69F743F-0DFA-4AFE-BA4E-98E566500A77}.Release|Any CPU.Build.0 = Release|Any CPU
		{B72A6D76-E6F6-43B9-9147-F03F29212156}.Debug|Any CPU.ActiveCfg = Debug|Any CPU
		{B72A6D76-E6F6-43B9-9147-F03F29212156}.Debug|Any CPU.Build.0 = Debug|Any CPU
		{B72A6D76-E6F6-43B9-9147-F03F29212156}.Release|Any CPU.ActiveCfg = Release|Any CPU
		{B72A6D76-E6F6-43B9-9147-F03F29212156}.Release|Any CPU.Build.0 = Release|Any CPU
		{ECA4B311-7074-4138-BED1-71CFAB01E0E8}.Debug|Any CPU.ActiveCfg = Debug|Any CPU
		{ECA4B311-7074-4138-BED1-71CFAB01E0E8}.Debug|Any CPU.Build.0 = Debug|Any CPU
		{ECA4B311-7074-4138-BED1-71CFAB01E0E8}.Release|Any CPU.ActiveCfg = Release|Any CPU
		{ECA4B311-7074-4138-BED1-71CFAB01E0E8}.Release|Any CPU.Build.0 = Release|Any CPU
		{55B906E0-A27C-48B3-A589-DDFC7FAD240E}.Debug|Any CPU.ActiveCfg = Debug|Any CPU
		{55B906E0-A27C-48B3-A589-DDFC7FAD240E}.Debug|Any CPU.Build.0 = Debug|Any CPU
		{55B906E0-A27C-48B3-A589-DDFC7FAD240E}.Release|Any CPU.ActiveCfg = Release|Any CPU
		{55B906E0-A27C-48B3-A589-DDFC7FAD240E}.Release|Any CPU.Build.0 = Release|Any CPU
		{C883FF46-0178-42BC-9536-5C72A3B08A63}.Debug|Any CPU.ActiveCfg = Debug|Any CPU
		{C883FF46-0178-42BC-9536-5C72A3B08A63}.Debug|Any CPU.Build.0 = Debug|Any CPU
		{C883FF46-0178-42BC-9536-5C72A3B08A63}.Release|Any CPU.ActiveCfg = Release|Any CPU
		{C883FF46-0178-42BC-9536-5C72A3B08A63}.Release|Any CPU.Build.0 = Release|Any CPU
		{3877F4E2-0D16-4EE7-9D1A-CEE49CD72887}.Debug|Any CPU.ActiveCfg = Debug|Any CPU
		{3877F4E2-0D16-4EE7-9D1A-CEE49CD72887}.Debug|Any CPU.Build.0 = Debug|Any CPU
		{3877F4E2-0D16-4EE7-9D1A-CEE49CD72887}.Release|Any CPU.ActiveCfg = Release|Any CPU
		{3877F4E2-0D16-4EE7-9D1A-CEE49CD72887}.Release|Any CPU.Build.0 = Release|Any CPU
		{D53DFAC3-6467-4F7D-8400-674FAF17BB43}.Debug|Any CPU.ActiveCfg = Debug|Any CPU
		{D53DFAC3-6467-4F7D-8400-674FAF17BB43}.Debug|Any CPU.Build.0 = Debug|Any CPU
		{D53DFAC3-6467-4F7D-8400-674FAF17BB43}.Release|Any CPU.ActiveCfg = Release|Any CPU
		{D53DFAC3-6467-4F7D-8400-674FAF17BB43}.Release|Any CPU.Build.0 = Release|Any CPU
		{7A97B2DB-8583-418F-B64C-37BBDF2EC5DD}.Debug|Any CPU.ActiveCfg = Debug|Any CPU
		{7A97B2DB-8583-418F-B64C-37BBDF2EC5DD}.Debug|Any CPU.Build.0 = Debug|Any CPU
		{7A97B2DB-8583-418F-B64C-37BBDF2EC5DD}.Release|Any CPU.ActiveCfg = Release|Any CPU
		{7A97B2DB-8583-418F-B64C-37BBDF2EC5DD}.Release|Any CPU.Build.0 = Release|Any CPU
		{E1A7088D-235F-444F-B291-73AF257E97AB}.Debug|Any CPU.ActiveCfg = Debug|Any CPU
		{E1A7088D-235F-444F-B291-73AF257E97AB}.Debug|Any CPU.Build.0 = Debug|Any CPU
		{E1A7088D-235F-444F-B291-73AF257E97AB}.Release|Any CPU.ActiveCfg = Release|Any CPU
		{E1A7088D-235F-444F-B291-73AF257E97AB}.Release|Any CPU.Build.0 = Release|Any CPU
		{01946102-58FF-41B7-9BD5-C23050C82C75}.Debug|Any CPU.ActiveCfg = Debug|Any CPU
		{01946102-58FF-41B7-9BD5-C23050C82C75}.Debug|Any CPU.Build.0 = Debug|Any CPU
		{01946102-58FF-41B7-9BD5-C23050C82C75}.Release|Any CPU.ActiveCfg = Release|Any CPU
		{01946102-58FF-41B7-9BD5-C23050C82C75}.Release|Any CPU.Build.0 = Release|Any CPU
		{35033CB2-AA0B-4208-99D9-85E9273A212B}.Debug|Any CPU.ActiveCfg = Debug|Any CPU
		{35033CB2-AA0B-4208-99D9-85E9273A212B}.Debug|Any CPU.Build.0 = Debug|Any CPU
		{35033CB2-AA0B-4208-99D9-85E9273A212B}.Release|Any CPU.ActiveCfg = Release|Any CPU
		{35033CB2-AA0B-4208-99D9-85E9273A212B}.Release|Any CPU.Build.0 = Release|Any CPU
		{632BE9CF-EDD6-4471-9417-8FF92BF1F0E3}.Debug|Any CPU.ActiveCfg = Debug|Any CPU
		{632BE9CF-EDD6-4471-9417-8FF92BF1F0E3}.Debug|Any CPU.Build.0 = Debug|Any CPU
		{632BE9CF-EDD6-4471-9417-8FF92BF1F0E3}.Release|Any CPU.ActiveCfg = Release|Any CPU
		{632BE9CF-EDD6-4471-9417-8FF92BF1F0E3}.Release|Any CPU.Build.0 = Release|Any CPU
		{F0AD0F4A-F862-4D1B-B750-D16E5596BE71}.Debug|Any CPU.ActiveCfg = Debug|Any CPU
		{F0AD0F4A-F862-4D1B-B750-D16E5596BE71}.Debug|Any CPU.Build.0 = Debug|Any CPU
		{F0AD0F4A-F862-4D1B-B750-D16E5596BE71}.Release|Any CPU.ActiveCfg = Release|Any CPU
		{F0AD0F4A-F862-4D1B-B750-D16E5596BE71}.Release|Any CPU.Build.0 = Release|Any CPU
		{AE45A502-1B88-429A-84E1-591AB9834ED4}.Debug|Any CPU.ActiveCfg = Debug|Any CPU
		{AE45A502-1B88-429A-84E1-591AB9834ED4}.Debug|Any CPU.Build.0 = Debug|Any CPU
		{AE45A502-1B88-429A-84E1-591AB9834ED4}.Release|Any CPU.ActiveCfg = Release|Any CPU
		{AE45A502-1B88-429A-84E1-591AB9834ED4}.Release|Any CPU.Build.0 = Release|Any CPU
		{D083C8E0-34BB-4C2D-998A-7B3CDF0771AF}.Debug|Any CPU.ActiveCfg = Debug|Any CPU
		{D083C8E0-34BB-4C2D-998A-7B3CDF0771AF}.Debug|Any CPU.Build.0 = Debug|Any CPU
		{D083C8E0-34BB-4C2D-998A-7B3CDF0771AF}.Release|Any CPU.ActiveCfg = Release|Any CPU
		{D083C8E0-34BB-4C2D-998A-7B3CDF0771AF}.Release|Any CPU.Build.0 = Release|Any CPU
		{A253DD8C-ED9C-4D2A-952A-1E209368BD03}.Debug|Any CPU.ActiveCfg = Debug|Any CPU
		{A253DD8C-ED9C-4D2A-952A-1E209368BD03}.Debug|Any CPU.Build.0 = Debug|Any CPU
		{A253DD8C-ED9C-4D2A-952A-1E209368BD03}.Release|Any CPU.ActiveCfg = Release|Any CPU
		{A253DD8C-ED9C-4D2A-952A-1E209368BD03}.Release|Any CPU.Build.0 = Release|Any CPU
		{BD386789-E92E-4CC7-9CF9-11A0F0D9EE8B}.Debug|Any CPU.ActiveCfg = Debug|Any CPU
		{BD386789-E92E-4CC7-9CF9-11A0F0D9EE8B}.Debug|Any CPU.Build.0 = Debug|Any CPU
		{BD386789-E92E-4CC7-9CF9-11A0F0D9EE8B}.Release|Any CPU.ActiveCfg = Release|Any CPU
		{BD386789-E92E-4CC7-9CF9-11A0F0D9EE8B}.Release|Any CPU.Build.0 = Release|Any CPU
	EndGlobalSection
	GlobalSection(SolutionProperties) = preSolution
		HideSolutionNode = FALSE
	EndGlobalSection
	GlobalSection(ExtensibilityGlobals) = postSolution
		SolutionGuid = {B27056EC-07A4-4E24-87DD-63AFC9308AB3}
	EndGlobalSection
EndGlobal
