
Microsoft Visual Studio Solution File, Format Version 12.00
# Visual Studio Version 16
VisualStudioVersion = 16.0.30320.27
MinimumVisualStudioVersion = 10.0.40219.1
Project("{9A19103F-16F7-4668-BE54-9A1E7A4F7556}") = "BT1", "BT1\BT1.csproj", "{D69F743F-0DFA-4AFE-BA4E-98E566500A77}"
EndProject
Project("{9A19103F-16F7-4668-BE54-9A1E7A4F7556}") = "BT2", "BT2\BT2.csproj", "{B72A6D76-E6F6-43B9-9147-F03F29212156}"
EndProject
Project("{9A19103F-16F7-4668-BE54-9A1E7A4F7556}") = "BT3", "BT3\BT3.csproj", "{ECA4B311-7074-4138-BED1-71CFAB01E0E8}"
EndProject
Project("{9A19103F-16F7-4668-BE54-9A1E7A4F7556}") = "BT4", "BT4\BT4.csproj", "{55B906E0-A27C-48B3-A589-DDFC7FAD240E}"
EndProject
Project("{9A19103F-16F7-4668-BE54-9A1E7A4F7556}") = "BT5", "BT5\BT5.csproj", "{C883FF46-0178-42BC-9536-5C72A3B08A63}"
EndProject
Project("{9A19103F-16F7-4668-BE54-9A1E7A4F7556}") = "BT6", "BT6\BT6.csproj", "{3877F4E2-0D16-4EE7-9D1A-CEE49CD72887}"
EndProject
Project("{9A19103F-16F7-4668-BE54-9A1E7A4F7556}") = "BT9", "BT9\BT9.csproj", "{D53DFAC3-6467-4F7D-8400-674FAF17BB43}"
EndProject
Project("{9A19103F-16F7-4668-BE54-9A1E7A4F7556}") = "BT11", "BT11\BT11.csproj", "{7A97B2DB-8583-418F-B64C-37BBDF2EC5DD}"
EndProject
Project("{9A19103F-16F7-4668-BE54-9A1E7A4F7556}") = "BT12", "BT12\BT12.csproj", "{E1A7088D-235F-444F-B291-73AF257E97AB}"
EndProject
Project("{9A19103F-16F7-4668-BE54-9A1E7A4F7556}") = "BT13", "BT13\BT13.csproj", "{01946102-58FF-41B7-9BD5-C23050C82C75}"
EndProject
Project("{9A19103F-16F7-4668-BE54-9A1E7A4F7556}") = "BT14", "BT14\BT14.csproj", "{35033CB2-AA0B-4208-99D9-85E9273A212B}"
EndProject
Project("{9A19103F-16F7-4668-BE54-9A1E7A4F7556}") = "BT20", "BT20\BT20.csproj", "{632BE9CF-EDD6-4471-9417-8FF92BF1F0E3}"
EndProject
Project("{9A19103F-16F7-4668-BE54-9A1E7A4F7556}") = "BT21", "BT21\BT21.csproj", "{F0AD0F4A-F862-4D1B-B750-D16E5596BE71}"
EndProject
Project("{9A19103F-16F7-4668-BE54-9A1E7A4F7556}") = "BT22", "BT22\BT22.csproj", "{AE45A502-1B88-429A-84E1-591AB9834ED4}"
EndProject
Project("{9A19103F-16F7-4668-BE54-9A1E7A4F7556}") = "BT44", "BT44\BT44.csproj", "{D083C8E0-34BB-4C2D-998A-7B3CDF0771AF}"
EndProject
Project("{9A19103F-16F7-4668-BE54-9A1E7A4F7556}") = "BT56", "BT56\BT56.csproj", "{A253DD8C-ED9C-4D2A-952A-1E209368BD03}"
EndProject
Project("{9A19103F-16F7-4668-BE54-9A1E7A4F7556}") = "BT104", "BT104\BT104.csproj", "{BD386789-E92E-4CC7-9CF9-11A0F0D9EE8B}"
EndProject
Project("{9A19103F-16F7-4668-BE54-9A1E7A4F7556}") = "BT122", "BT122\BT122.csproj", "{1F524294-A4B4-40F6-950B-C0A3AE9DC9CA}"
EndProject
Project("{9A19103F-16F7-4668-BE54-9A1E7A4F7556}") = "BT123", "BT123\BT123.csproj", "{F828D4B1-5C2E-4466-A4B1-9BD52CEE9CC4}"
EndProject
Project("{9A19103F-16F7-4668-BE54-9A1E7A4F7556}") = "BT124", "BT124\BT124.csproj", "{299A2D5D-FE40-4468-83ED-72503F8AA9A8}"
EndProject
Project("{9A19103F-16F7-4668-BE54-9A1E7A4F7556}") = "BT125", "BT125\BT125.csproj", "{814D8513-01F8-4510-87D2-883CA505E774}"
EndProject
Project("{9A19103F-16F7-4668-BE54-9A1E7A4F7556}") = "BT127", "BT127\BT127.csproj", "{F51FE59C-C7E1-4208-8509-BDC7B570343D}"
EndProject
Project("{9A19103F-16F7-4668-BE54-9A1E7A4F7556}") = "BT138", "BT138\BT138.csproj", "{6D409847-D8F3-4D64-984D-F9A3EC39E1B5}"
EndProject
Project("{9A19103F-16F7-4668-BE54-9A1E7A4F7556}") = "BT148", "BT148\BT148.csproj", "{79C616C1-A5FB-4AC3-BBDD-56D4BE9F9B97}"
EndProject
Project("{9A19103F-16F7-4668-BE54-9A1E7A4F7556}") = "BT155", "BT155\BT155.csproj", "{8ACB9145-D0CF-4E2A-83EB-4884285FC245}"
EndProject
Project("{9A19103F-16F7-4668-BE54-9A1E7A4F7556}") = "BT169", "BT169\BT169.csproj", "{6A05C2DA-419F-4163-BE30-8490A0567721}"
EndProject
Project("{9A19103F-16F7-4668-BE54-9A1E7A4F7556}") = "BT150", "BT150\BT150.csproj", "{C43C7E99-406A-4903-97A3-B4170E6F623E}"
EndProject
Project("{9A19103F-16F7-4668-BE54-9A1E7A4F7556}") = "BT150'", "BT150'\BT150'.csproj", "{E99F5064-E4E0-4520-85BB-AE41229B6AB5}"
EndProject
Project("{9A19103F-16F7-4668-BE54-9A1E7A4F7556}") = "BT315", "BT315\BT315.csproj", "{1A86C70E-67D5-41FC-80E9-5926EFA95BDE}"
EndProject
Project("{9A19103F-16F7-4668-BE54-9A1E7A4F7556}") = "BT317", "BT317\BT317.csproj", "{D566A8BF-2A0A-4E01-A87E-EE6AC91CC6F2}"
EndProject
Project("{9A19103F-16F7-4668-BE54-9A1E7A4F7556}") = "BT322", "BT322\BT322.csproj", "{9A169C89-2A30-4D5C-ABF6-8E3403315E5C}"
EndProject
Project("{9A19103F-16F7-4668-BE54-9A1E7A4F7556}") = "BT323", "BT323\BT323.csproj", "{8B89B8AF-97BB-499F-95C2-F87C0E391707}"
EndProject
Project("{9A19103F-16F7-4668-BE54-9A1E7A4F7556}") = "BT341", "BT341\BT341.csproj", "{7B5A9C68-026D-498E-86DB-F6B57387C646}"
EndProject
Project("{FAE04EC0-301F-11D3-BF4B-00C04F79EFBC}") = "BT336", "BT336\BT336.csproj", "{4064DA67-E409-4E12-A41D-D31B5BAE47AD}"
EndProject
Project("{FAE04EC0-301F-11D3-BF4B-00C04F79EFBC}") = "BT337", "BT337\BT337.csproj", "{8411C25F-C7D4-49CA-9552-C1D375A7156F}"
EndProject
Project("{FAE04EC0-301F-11D3-BF4B-00C04F79EFBC}") = "BT348", "BT348\BT348.csproj", "{E079E621-BBD9-40F3-8469-33FDC25EDEFD}"
EndProject
Project("{FAE04EC0-301F-11D3-BF4B-00C04F79EFBC}") = "BT352", "BT352\BT352.csproj", "{CCAF56D8-371F-4A5B-9007-557FCE88B737}"
EndProject
Global
	GlobalSection(SolutionConfigurationPlatforms) = preSolution
		Debug|Any CPU = Debug|Any CPU
		Release|Any CPU = Release|Any CPU
	EndGlobalSection
	GlobalSection(ProjectConfigurationPlatforms) = postSolution
		{D69F743F-0DFA-4AFE-BA4E-98E566500A77}.Debug|Any CPU.ActiveCfg = Debug|Any CPU
		{D69F743F-0DFA-4AFE-BA4E-98E566500A77}.Debug|Any CPU.Build.0 = Debug|Any CPU
		{D69F743F-0DFA-4AFE-BA4E-98E566500A77}.Release|Any CPU.ActiveCfg = Release|Any CPU
		{D69F743F-0DFA-4AFE-BA4E-98E566500A77}.Release|Any CPU.Build.0 = Release|Any CPU
		{B72A6D76-E6F6-43B9-9147-F03F29212156}.Debug|Any CPU.ActiveCfg = Debug|Any CPU
		{B72A6D76-E6F6-43B9-9147-F03F29212156}.Debug|Any CPU.Build.0 = Debug|Any CPU
		{B72A6D76-E6F6-43B9-9147-F03F29212156}.Release|Any CPU.ActiveCfg = Release|Any CPU
		{B72A6D76-E6F6-43B9-9147-F03F29212156}.Release|Any CPU.Build.0 = Release|Any CPU
		{ECA4B311-7074-4138-BED1-71CFAB01E0E8}.Debug|Any CPU.ActiveCfg = Debug|Any CPU
		{ECA4B311-7074-4138-BED1-71CFAB01E0E8}.Debug|Any CPU.Build.0 = Debug|Any CPU
		{ECA4B311-7074-4138-BED1-71CFAB01E0E8}.Release|Any CPU.ActiveCfg = Release|Any CPU
		{ECA4B311-7074-4138-BED1-71CFAB01E0E8}.Release|Any CPU.Build.0 = Release|Any CPU
		{55B906E0-A27C-48B3-A589-DDFC7FAD240E}.Debug|Any CPU.ActiveCfg = Debug|Any CPU
		{55B906E0-A27C-48B3-A589-DDFC7FAD240E}.Debug|Any CPU.Build.0 = Debug|Any CPU
		{55B906E0-A27C-48B3-A589-DDFC7FAD240E}.Release|Any CPU.ActiveCfg = Release|Any CPU
		{55B906E0-A27C-48B3-A589-DDFC7FAD240E}.Release|Any CPU.Build.0 = Release|Any CPU
		{C883FF46-0178-42BC-9536-5C72A3B08A63}.Debug|Any CPU.ActiveCfg = Debug|Any CPU
		{C883FF46-0178-42BC-9536-5C72A3B08A63}.Debug|Any CPU.Build.0 = Debug|Any CPU
		{C883FF46-0178-42BC-9536-5C72A3B08A63}.Release|Any CPU.ActiveCfg = Release|Any CPU
		{C883FF46-0178-42BC-9536-5C72A3B08A63}.Release|Any CPU.Build.0 = Release|Any CPU
		{3877F4E2-0D16-4EE7-9D1A-CEE49CD72887}.Debug|Any CPU.ActiveCfg = Debug|Any CPU
		{3877F4E2-0D16-4EE7-9D1A-CEE49CD72887}.Debug|Any CPU.Build.0 = Debug|Any CPU
		{3877F4E2-0D16-4EE7-9D1A-CEE49CD72887}.Release|Any CPU.ActiveCfg = Release|Any CPU
		{3877F4E2-0D16-4EE7-9D1A-CEE49CD72887}.Release|Any CPU.Build.0 = Release|Any CPU
		{D53DFAC3-6467-4F7D-8400-674FAF17BB43}.Debug|Any CPU.ActiveCfg = Debug|Any CPU
		{D53DFAC3-6467-4F7D-8400-674FAF17BB43}.Debug|Any CPU.Build.0 = Debug|Any CPU
		{D53DFAC3-6467-4F7D-8400-674FAF17BB43}.Release|Any CPU.ActiveCfg = Release|Any CPU
		{D53DFAC3-6467-4F7D-8400-674FAF17BB43}.Release|Any CPU.Build.0 = Release|Any CPU
		{7A97B2DB-8583-418F-B64C-37BBDF2EC5DD}.Debug|Any CPU.ActiveCfg = Debug|Any CPU
		{7A97B2DB-8583-418F-B64C-37BBDF2EC5DD}.Debug|Any CPU.Build.0 = Debug|Any CPU
		{7A97B2DB-8583-418F-B64C-37BBDF2EC5DD}.Release|Any CPU.ActiveCfg = Release|Any CPU
		{7A97B2DB-8583-418F-B64C-37BBDF2EC5DD}.Release|Any CPU.Build.0 = Release|Any CPU
		{E1A7088D-235F-444F-B291-73AF257E97AB}.Debug|Any CPU.ActiveCfg = Debug|Any CPU
		{E1A7088D-235F-444F-B291-73AF257E97AB}.Debug|Any CPU.Build.0 = Debug|Any CPU
		{E1A7088D-235F-444F-B291-73AF257E97AB}.Release|Any CPU.ActiveCfg = Release|Any CPU
		{E1A7088D-235F-444F-B291-73AF257E97AB}.Release|Any CPU.Build.0 = Release|Any CPU
		{01946102-58FF-41B7-9BD5-C23050C82C75}.Debug|Any CPU.ActiveCfg = Debug|Any CPU
		{01946102-58FF-41B7-9BD5-C23050C82C75}.Debug|Any CPU.Build.0 = Debug|Any CPU
		{01946102-58FF-41B7-9BD5-C23050C82C75}.Release|Any CPU.ActiveCfg = Release|Any CPU
		{01946102-58FF-41B7-9BD5-C23050C82C75}.Release|Any CPU.Build.0 = Release|Any CPU
		{35033CB2-AA0B-4208-99D9-85E9273A212B}.Debug|Any CPU.ActiveCfg = Debug|Any CPU
		{35033CB2-AA0B-4208-99D9-85E9273A212B}.Debug|Any CPU.Build.0 = Debug|Any CPU
		{35033CB2-AA0B-4208-99D9-85E9273A212B}.Release|Any CPU.ActiveCfg = Release|Any CPU
		{35033CB2-AA0B-4208-99D9-85E9273A212B}.Release|Any CPU.Build.0 = Release|Any CPU
		{632BE9CF-EDD6-4471-9417-8FF92BF1F0E3}.Debug|Any CPU.ActiveCfg = Debug|Any CPU
		{632BE9CF-EDD6-4471-9417-8FF92BF1F0E3}.Debug|Any CPU.Build.0 = Debug|Any CPU
		{632BE9CF-EDD6-4471-9417-8FF92BF1F0E3}.Release|Any CPU.ActiveCfg = Release|Any CPU
		{632BE9CF-EDD6-4471-9417-8FF92BF1F0E3}.Release|Any CPU.Build.0 = Release|Any CPU
		{F0AD0F4A-F862-4D1B-B750-D16E5596BE71}.Debug|Any CPU.ActiveCfg = Debug|Any CPU
		{F0AD0F4A-F862-4D1B-B750-D16E5596BE71}.Debug|Any CPU.Build.0 = Debug|Any CPU
		{F0AD0F4A-F862-4D1B-B750-D16E5596BE71}.Release|Any CPU.ActiveCfg = Release|Any CPU
		{F0AD0F4A-F862-4D1B-B750-D16E5596BE71}.Release|Any CPU.Build.0 = Release|Any CPU
		{AE45A502-1B88-429A-84E1-591AB9834ED4}.Debug|Any CPU.ActiveCfg = Debug|Any CPU
		{AE45A502-1B88-429A-84E1-591AB9834ED4}.Debug|Any CPU.Build.0 = Debug|Any CPU
		{AE45A502-1B88-429A-84E1-591AB9834ED4}.Release|Any CPU.ActiveCfg = Release|Any CPU
		{AE45A502-1B88-429A-84E1-591AB9834ED4}.Release|Any CPU.Build.0 = Release|Any CPU
		{D083C8E0-34BB-4C2D-998A-7B3CDF0771AF}.Debug|Any CPU.ActiveCfg = Debug|Any CPU
		{D083C8E0-34BB-4C2D-998A-7B3CDF0771AF}.Debug|Any CPU.Build.0 = Debug|Any CPU
		{D083C8E0-34BB-4C2D-998A-7B3CDF0771AF}.Release|Any CPU.ActiveCfg = Release|Any CPU
		{D083C8E0-34BB-4C2D-998A-7B3CDF0771AF}.Release|Any CPU.Build.0 = Release|Any CPU
		{A253DD8C-ED9C-4D2A-952A-1E209368BD03}.Debug|Any CPU.ActiveCfg = Debug|Any CPU
		{A253DD8C-ED9C-4D2A-952A-1E209368BD03}.Debug|Any CPU.Build.0 = Debug|Any CPU
		{A253DD8C-ED9C-4D2A-952A-1E209368BD03}.Release|Any CPU.ActiveCfg = Release|Any CPU
		{A253DD8C-ED9C-4D2A-952A-1E209368BD03}.Release|Any CPU.Build.0 = Release|Any CPU
		{BD386789-E92E-4CC7-9CF9-11A0F0D9EE8B}.Debug|Any CPU.ActiveCfg = Debug|Any CPU
		{BD386789-E92E-4CC7-9CF9-11A0F0D9EE8B}.Debug|Any CPU.Build.0 = Debug|Any CPU
		{BD386789-E92E-4CC7-9CF9-11A0F0D9EE8B}.Release|Any CPU.ActiveCfg = Release|Any CPU
		{BD386789-E92E-4CC7-9CF9-11A0F0D9EE8B}.Release|Any CPU.Build.0 = Release|Any CPU
		{1F524294-A4B4-40F6-950B-C0A3AE9DC9CA}.Debug|Any CPU.ActiveCfg = Debug|Any CPU
		{1F524294-A4B4-40F6-950B-C0A3AE9DC9CA}.Debug|Any CPU.Build.0 = Debug|Any CPU
		{1F524294-A4B4-40F6-950B-C0A3AE9DC9CA}.Release|Any CPU.ActiveCfg = Release|Any CPU
		{1F524294-A4B4-40F6-950B-C0A3AE9DC9CA}.Release|Any CPU.Build.0 = Release|Any CPU
		{F828D4B1-5C2E-4466-A4B1-9BD52CEE9CC4}.Debug|Any CPU.ActiveCfg = Debug|Any CPU
		{F828D4B1-5C2E-4466-A4B1-9BD52CEE9CC4}.Debug|Any CPU.Build.0 = Debug|Any CPU
		{F828D4B1-5C2E-4466-A4B1-9BD52CEE9CC4}.Release|Any CPU.ActiveCfg = Release|Any CPU
		{F828D4B1-5C2E-4466-A4B1-9BD52CEE9CC4}.Release|Any CPU.Build.0 = Release|Any CPU
		{299A2D5D-FE40-4468-83ED-72503F8AA9A8}.Debug|Any CPU.ActiveCfg = Debug|Any CPU
		{299A2D5D-FE40-4468-83ED-72503F8AA9A8}.Debug|Any CPU.Build.0 = Debug|Any CPU
		{299A2D5D-FE40-4468-83ED-72503F8AA9A8}.Release|Any CPU.ActiveCfg = Release|Any CPU
		{299A2D5D-FE40-4468-83ED-72503F8AA9A8}.Release|Any CPU.Build.0 = Release|Any CPU
		{814D8513-01F8-4510-87D2-883CA505E774}.Debug|Any CPU.ActiveCfg = Debug|Any CPU
		{814D8513-01F8-4510-87D2-883CA505E774}.Debug|Any CPU.Build.0 = Debug|Any CPU
		{814D8513-01F8-4510-87D2-883CA505E774}.Release|Any CPU.ActiveCfg = Release|Any CPU
		{814D8513-01F8-4510-87D2-883CA505E774}.Release|Any CPU.Build.0 = Release|Any CPU
		{F51FE59C-C7E1-4208-8509-BDC7B570343D}.Debug|Any CPU.ActiveCfg = Debug|Any CPU
		{F51FE59C-C7E1-4208-8509-BDC7B570343D}.Debug|Any CPU.Build.0 = Debug|Any CPU
		{F51FE59C-C7E1-4208-8509-BDC7B570343D}.Release|Any CPU.ActiveCfg = Release|Any CPU
		{F51FE59C-C7E1-4208-8509-BDC7B570343D}.Release|Any CPU.Build.0 = Release|Any CPU
		{6D409847-D8F3-4D64-984D-F9A3EC39E1B5}.Debug|Any CPU.ActiveCfg = Debug|Any CPU
		{6D409847-D8F3-4D64-984D-F9A3EC39E1B5}.Debug|Any CPU.Build.0 = Debug|Any CPU
		{6D409847-D8F3-4D64-984D-F9A3EC39E1B5}.Release|Any CPU.ActiveCfg = Release|Any CPU
		{6D409847-D8F3-4D64-984D-F9A3EC39E1B5}.Release|Any CPU.Build.0 = Release|Any CPU
		{79C616C1-A5FB-4AC3-BBDD-56D4BE9F9B97}.Debug|Any CPU.ActiveCfg = Debug|Any CPU
		{79C616C1-A5FB-4AC3-BBDD-56D4BE9F9B97}.Debug|Any CPU.Build.0 = Debug|Any CPU
		{79C616C1-A5FB-4AC3-BBDD-56D4BE9F9B97}.Release|Any CPU.ActiveCfg = Release|Any CPU
		{79C616C1-A5FB-4AC3-BBDD-56D4BE9F9B97}.Release|Any CPU.Build.0 = Release|Any CPU
		{8ACB9145-D0CF-4E2A-83EB-4884285FC245}.Debug|Any CPU.ActiveCfg = Debug|Any CPU
		{8ACB9145-D0CF-4E2A-83EB-4884285FC245}.Debug|Any CPU.Build.0 = Debug|Any CPU
		{8ACB9145-D0CF-4E2A-83EB-4884285FC245}.Release|Any CPU.ActiveCfg = Release|Any CPU
		{8ACB9145-D0CF-4E2A-83EB-4884285FC245}.Release|Any CPU.Build.0 = Release|Any CPU
		{6A05C2DA-419F-4163-BE30-8490A0567721}.Debug|Any CPU.ActiveCfg = Debug|Any CPU
		{6A05C2DA-419F-4163-BE30-8490A0567721}.Debug|Any CPU.Build.0 = Debug|Any CPU
		{6A05C2DA-419F-4163-BE30-8490A0567721}.Release|Any CPU.ActiveCfg = Release|Any CPU
		{6A05C2DA-419F-4163-BE30-8490A0567721}.Release|Any CPU.Build.0 = Release|Any CPU
		{C43C7E99-406A-4903-97A3-B4170E6F623E}.Debug|Any CPU.ActiveCfg = Debug|Any CPU
		{C43C7E99-406A-4903-97A3-B4170E6F623E}.Debug|Any CPU.Build.0 = Debug|Any CPU
		{C43C7E99-406A-4903-97A3-B4170E6F623E}.Release|Any CPU.ActiveCfg = Release|Any CPU
		{C43C7E99-406A-4903-97A3-B4170E6F623E}.Release|Any CPU.Build.0 = Release|Any CPU
		{E99F5064-E4E0-4520-85BB-AE41229B6AB5}.Debug|Any CPU.ActiveCfg = Debug|Any CPU
		{E99F5064-E4E0-4520-85BB-AE41229B6AB5}.Debug|Any CPU.Build.0 = Debug|Any CPU
		{E99F5064-E4E0-4520-85BB-AE41229B6AB5}.Release|Any CPU.ActiveCfg = Release|Any CPU
		{E99F5064-E4E0-4520-85BB-AE41229B6AB5}.Release|Any CPU.Build.0 = Release|Any CPU
		{1A86C70E-67D5-41FC-80E9-5926EFA95BDE}.Debug|Any CPU.ActiveCfg = Debug|Any CPU
		{1A86C70E-67D5-41FC-80E9-5926EFA95BDE}.Debug|Any CPU.Build.0 = Debug|Any CPU
		{1A86C70E-67D5-41FC-80E9-5926EFA95BDE}.Release|Any CPU.ActiveCfg = Release|Any CPU
		{1A86C70E-67D5-41FC-80E9-5926EFA95BDE}.Release|Any CPU.Build.0 = Release|Any CPU
		{D566A8BF-2A0A-4E01-A87E-EE6AC91CC6F2}.Debug|Any CPU.ActiveCfg = Debug|Any CPU
		{D566A8BF-2A0A-4E01-A87E-EE6AC91CC6F2}.Debug|Any CPU.Build.0 = Debug|Any CPU
		{D566A8BF-2A0A-4E01-A87E-EE6AC91CC6F2}.Release|Any CPU.ActiveCfg = Release|Any CPU
		{D566A8BF-2A0A-4E01-A87E-EE6AC91CC6F2}.Release|Any CPU.Build.0 = Release|Any CPU
		{9A169C89-2A30-4D5C-ABF6-8E3403315E5C}.Debug|Any CPU.ActiveCfg = Debug|Any CPU
		{9A169C89-2A30-4D5C-ABF6-8E3403315E5C}.Debug|Any CPU.Build.0 = Debug|Any CPU
		{9A169C89-2A30-4D5C-ABF6-8E3403315E5C}.Release|Any CPU.ActiveCfg = Release|Any CPU
		{9A169C89-2A30-4D5C-ABF6-8E3403315E5C}.Release|Any CPU.Build.0 = Release|Any CPU
		{8B89B8AF-97BB-499F-95C2-F87C0E391707}.Debug|Any CPU.ActiveCfg = Debug|Any CPU
		{8B89B8AF-97BB-499F-95C2-F87C0E391707}.Debug|Any CPU.Build.0 = Debug|Any CPU
		{8B89B8AF-97BB-499F-95C2-F87C0E391707}.Release|Any CPU.ActiveCfg = Release|Any CPU
		{8B89B8AF-97BB-499F-95C2-F87C0E391707}.Release|Any CPU.Build.0 = Release|Any CPU
		{7B5A9C68-026D-498E-86DB-F6B57387C646}.Debug|Any CPU.ActiveCfg = Debug|Any CPU
		{7B5A9C68-026D-498E-86DB-F6B57387C646}.Debug|Any CPU.Build.0 = Debug|Any CPU
		{7B5A9C68-026D-498E-86DB-F6B57387C646}.Release|Any CPU.ActiveCfg = Release|Any CPU
		{7B5A9C68-026D-498E-86DB-F6B57387C646}.Release|Any CPU.Build.0 = Release|Any CPU
		{4064DA67-E409-4E12-A41D-D31B5BAE47AD}.Debug|Any CPU.ActiveCfg = Debug|Any CPU
		{4064DA67-E409-4E12-A41D-D31B5BAE47AD}.Debug|Any CPU.Build.0 = Debug|Any CPU
		{4064DA67-E409-4E12-A41D-D31B5BAE47AD}.Release|Any CPU.ActiveCfg = Release|Any CPU
		{4064DA67-E409-4E12-A41D-D31B5BAE47AD}.Release|Any CPU.Build.0 = Release|Any CPU
		{8411C25F-C7D4-49CA-9552-C1D375A7156F}.Debug|Any CPU.ActiveCfg = Debug|Any CPU
		{8411C25F-C7D4-49CA-9552-C1D375A7156F}.Debug|Any CPU.Build.0 = Debug|Any CPU
		{8411C25F-C7D4-49CA-9552-C1D375A7156F}.Release|Any CPU.ActiveCfg = Release|Any CPU
		{8411C25F-C7D4-49CA-9552-C1D375A7156F}.Release|Any CPU.Build.0 = Release|Any CPU
		{E079E621-BBD9-40F3-8469-33FDC25EDEFD}.Debug|Any CPU.ActiveCfg = Debug|Any CPU
		{E079E621-BBD9-40F3-8469-33FDC25EDEFD}.Debug|Any CPU.Build.0 = Debug|Any CPU
		{E079E621-BBD9-40F3-8469-33FDC25EDEFD}.Release|Any CPU.ActiveCfg = Release|Any CPU
		{E079E621-BBD9-40F3-8469-33FDC25EDEFD}.Release|Any CPU.Build.0 = Release|Any CPU
		{CCAF56D8-371F-4A5B-9007-557FCE88B737}.Debug|Any CPU.ActiveCfg = Debug|Any CPU
		{CCAF56D8-371F-4A5B-9007-557FCE88B737}.Debug|Any CPU.Build.0 = Debug|Any CPU
		{CCAF56D8-371F-4A5B-9007-557FCE88B737}.Release|Any CPU.ActiveCfg = Release|Any CPU
		{CCAF56D8-371F-4A5B-9007-557FCE88B737}.Release|Any CPU.Build.0 = Release|Any CPU
	EndGlobalSection
	GlobalSection(SolutionProperties) = preSolution
		HideSolutionNode = FALSE
	EndGlobalSection
	GlobalSection(ExtensibilityGlobals) = postSolution
		SolutionGuid = {B27056EC-07A4-4E24-87DD-63AFC9308AB3}
	EndGlobalSection
EndGlobal
